
Microsoft Visual Studio Solution File, Format Version 12.00
# Visual Studio Version 16
VisualStudioVersion = 16.0.29613.14
MinimumVisualStudioVersion = 10.0.40219.1
Project("{FAE04EC0-301F-11D3-BF4B-00C04F79EFBC}") = "A2_Camille_Terry_SLS", "A2_Camille_Terry_SLS.csproj", "{86CBA0A1-5BAF-45E8-8BE2-BC31F7D5E876}"
EndProject
Global
	GlobalSection(SolutionConfigurationPlatforms) = preSolution
		Debug|Any CPU = Debug|Any CPU
		Release|Any CPU = Release|Any CPU
	EndGlobalSection
	GlobalSection(ProjectConfigurationPlatforms) = postSolution
		{86CBA0A1-5BAF-45E8-8BE2-BC31F7D5E876}.Debug|Any CPU.ActiveCfg = Debug|Any CPU
		{86CBA0A1-5BAF-45E8-8BE2-BC31F7D5E876}.Debug|Any CPU.Build.0 = Debug|Any CPU
		{86CBA0A1-5BAF-45E8-8BE2-BC31F7D5E876}.Release|Any CPU.ActiveCfg = Release|Any CPU
		{86CBA0A1-5BAF-45E8-8BE2-BC31F7D5E876}.Release|Any CPU.Build.0 = Release|Any CPU
	EndGlobalSection
	GlobalSection(SolutionProperties) = preSolution
		HideSolutionNode = FALSE
	EndGlobalSection
	GlobalSection(ExtensibilityGlobals) = postSolution
		SolutionGuid = {E585C0C1-E9B6-463A-8832-0BD871928B2E}
	EndGlobalSection
EndGlobal
